{
  "name": "MyTestUni",
  "version": "1.0.0",
  "lockfileVersion": 1,
  "requires": true,
  "dependencies": {
    "@dcloudio/uni-ui": {
      "version": "1.2.4",
      "resolved": "https://registry.npmjs.org/@dcloudio/uni-ui/-/uni-ui-1.2.4.tgz",
      "integrity": "sha512-y+OXCRgYcOIm9Qfv+g+53OonLD85rKBdbLYKxt5YoP4b0xB9ayweHnkcfpMber6KsrwKNQh4Syph/TAWhdMwJQ=="
    }
  }
}
